{
  "name": "Unity_Linux_LLM",
  "lockfileVersion": 3,
  "requires": true,
  "packages": {
    "": {
      "dependencies": {
        "@datadog/browser-rum": "^7.5.0"
      }
    },
    "node_modules/@datadog/browser-core": {
      "version": "7.5.0",
      "resolved": "https://registry.npmjs.org/@datadog/browser-core/-/browser-core-7.5.0.tgz",
      "integrity": "sha512-qvjv0Ox55+x/wxFT8cjIAse1voLVorJd3lg2Q53nJ0CREZ1bqqjo2gDz/Lm4t0fqQnqyqrOncc3X2pg4LxCFzg==",
      "license": "Apache-2.0",
      "dependencies": {
        "@datadog/js-core": "0.0.5"
      }
    },
    "node_modules/@datadog/browser-rum": {
      "version": "7.5.0",
      "resolved": "https://registry.npmjs.org/@datadog/browser-rum/-/browser-rum-7.5.0.tgz",
      "integrity": "sha512-w7T0sAu9wx0zIdAmHM4avwdJW/gu+llCUCyeo5mQO5Qbf7VcA8K9Y+R4ZsNizRC14K5beAAkj5MqdaBC2x+yZg==",
      "license": "Apache-2.0",
      "dependencies": {
        "@datadog/browser-core": "7.5.0",
        "@datadog/browser-rum-core": "7.5.0",
        "@datadog/js-core": "0.0.5"
      },
      "peerDependencies": {
        "@datadog/browser-logs": "7.5.0"
      },
      "peerDependenciesMeta": {
        "@datadog/browser-logs": {
          "optional": true
        }
      }
    },
    "node_modules/@datadog/browser-rum-core": {
      "version": "7.5.0",
      "resolved": "https://registry.npmjs.org/@datadog/browser-rum-core/-/browser-rum-core-7.5.0.tgz",
      "integrity": "sha512-Okyq2+y3Dtw5AL4xpw/fT1Dkmyr/Q4na3Wa+D9FU+i1g5i3BGyr6HNUv6L7vCrF6CyDVfCi3Nv90lgdprRCkyQ==",
      "license": "Apache-2.0",
      "dependencies": {
        "@datadog/browser-core": "7.5.0",
        "@datadog/js-core": "0.0.5"
      }
    },
    "node_modules/@datadog/js-core": {
      "version": "0.0.5",
      "resolved": "https://registry.npmjs.org/@datadog/js-core/-/js-core-0.0.5.tgz",
      "integrity": "sha512-9cGazfbindLRCcHh7Pgle68SZrSKMr6ScIvtT7XwxTGp38RaskXA/CG4nUojb46nWnsmV+KyH3C8WymkXdgMJg==",
      "license": "Apache-2.0"
    }
  }
}
