<Solution>
  <Project Path="Unity.Multiplayer.Tools.NetStats.csproj" />
  <Project Path="Unity.PlatformToolkit.csproj" />
  <Project Path="Unity.Multiplayer.Tools.NetStatsMonitor.Configuration.csproj" />
  <Project Path="Unity.ShaderGraph.Editor.csproj" />
  <Project Path="Unity.ScriptableBuildPipeline.Editor.csproj" />
  <Project Path="Unity.Multiplayer.Center.Editor.csproj" />
  <Project Path="Unity.RenderPipelines.Universal.2D.Runtime.csproj" />
  <Project Path="Unity.MemoryProfiler.Editor.csproj" />
  <Project Path="Unity.Multiplayer.Tools.NetStatsMonitor.Editor.csproj" />
  <Project Path="Unity.VisualScripting.Core.Editor.csproj" />
  <Project Path="Unity.RenderPipelines.Universal.Editor.csproj" />
  <Project Path="Unity.PerformanceTesting.Editor.csproj" />
  <Project Path="EditorAttributes.csproj" />
  <Project Path="Unity.Burst.csproj" />
  <Project Path="Unity.VisualScripting.Flow.Editor.csproj" />
  <Project Path="Unity.RenderPipelines.Core.Editor.csproj" />
  <Project Path="Unity.Networking.Transport.csproj" />
  <Project Path="Unity.Timeline.Editor.csproj" />
  <Project Path="Unity.VisualStudio.Editor.csproj" />
  <Project Path="Unity.Entities.csproj" />
  <Project Path="Unity.2D.SpriteShape.Editor.csproj" />
  <Project Path="UnityEngine.UI.csproj" />
  <Project Path="Unity.Searcher.Editor.csproj" />
  <Project Path="GladeKit.Bridge.csproj" />
  <Project Path="Unity.Multiplayer.Tools.MetricTypes.csproj" />
  <Project Path="Unity.Multiplayer.Tools.Adapters.csproj" />
  <Project Path="Unity.2D.SpriteShape.Runtime.csproj" />
  <Project Path="Unity.VisualScripting.Core.csproj" />
  <Project Path="UnityEditor.TestRunner.csproj" />
  <Project Path="Unity.RenderPipelines.Universal.Runtime.csproj" />
  <Project Path="Unity.Physics.Hybrid.csproj" />
  <Project Path="Unity.Burst.CodeGen.csproj" />
  <Project Path="Unity.InputSystem.csproj" />
  <Project Path="Unity.Physics.csproj" />
  <Project Path="Unity.VisualScripting.Flow.csproj" />
  <Project Path="UnityEngine.TestRunner.csproj" />
  <Project Path="Unity.2D.Tilemap.Editor.csproj" />
  <Project Path="Unity.Entities.UI.Editor.csproj" />
  <Project Path="Unity.PerformanceTesting.csproj" />
  <Project Path="Unity.Entities.Hybrid.csproj" />
  <Project Path="Unity.Entities.Graphics.csproj" />
  <Project Path="Unity.Scenes.Editor.csproj" />
  <Project Path="Unity.Netcode.Runtime.csproj" />
  <Project Path="Unity.Web.Stripping.Editor.csproj" />
  <Project Path="Unity.Multiplayer.Tools.NetStatsMonitor.Implementation.csproj" />
  <Project Path="Unity.TextMeshPro.csproj" />
  <Project Path="Unity.RenderPipelines.Core.Runtime.csproj" />
  <Project Path="Unity.PlatformToolkit.Editor.csproj" />
  <Project Path="Unity.Serialization.csproj" />
  <Project Path="Unity.Numerics.Linear.Dense.csproj" />
  <Project Path="Unity.Multiplayer.Tools.NetStatsMonitor.Component.csproj" />
  <Project Path="Unity.2D.IK.Editor.csproj" />
  <Project Path="Unity.2D.Common.Editor.csproj" />
  <Project Path="ScriptablePacker.csproj" />
  <Project Path="Unity.RenderPipelines.GPUDriven.Runtime.csproj" />
  <Project Path="Unity.Entities.Editor.csproj" />
  <Project Path="Unity.InternalAPIEditorBridge.001.csproj" />
  <Project Path="Unity.InternalAPIEditorBridge.002.csproj" />
  <Project Path="Unity.AI.Navigation.Updater.csproj" />
  <Project Path="Unity.VisualScripting.State.Editor.csproj" />
  <Project Path="Unity.2D.Tooling.Editor.csproj" />
  <Project Path="Unity.SysrootPackage.Editor.csproj" />
  <Project Path="Unity.Collections.csproj" />
  <Project Path="EditorAttributes.Editor.csproj" />
  <Project Path="Unity.Burst.Editor.csproj" />
  <Project Path="Unity.TextMeshPro.Editor.csproj" />
  <Project Path="Unity.RenderPipelines.Universal.2D.Editor.Overrides.csproj" />
  <Project Path="Unity.VisualScripting.State.csproj" />
  <Project Path="Unity.2D.Animation.Editor.csproj" />
  <Project Path="Unity.Networking.Editor.csproj" />
  <Project Path="Unity.2D.Common.Path.Editor.csproj" />
  <Project Path="Unity.Multiplayer.Tools.NetworkSimulator.Runtime.csproj" />
  <Project Path="Unity.Multiplayer.Tools.MetricTestData.csproj" />
  <Project Path="Unity.AI.Navigation.Editor.csproj" />
  <Project Path="Unity.Multiplayer.Tools.NetworkProfiler.Editor.csproj" />
  <Project Path="Unity.Timeline.csproj" />
  <Project Path="NPCSystem.Monitoring.csproj" />
  <Project Path="UnityEditor.UI.csproj" />
  <Project Path="NPCSystem.Runtime.csproj" />
  <Project Path="Unity.Multiplayer.Center.Common.csproj" />
  <Project Path="Unity.UnifiedRayTracing.Runtime.csproj" />
  <Project Path="Unity.Multiplayer.Tools.DependencyInjection.UIElements.csproj" />
  <Project Path="Unity.Numerics.Linear.Solvers.Lowlevel.csproj" />
  <Project Path="Unity.Multiplayer.Tools.NetworkSimulator.Editor.csproj" />
  <Project Path="Unity.PlatformToolkit.PlayMode.Editor.csproj" />
  <Project Path="Unity.2D.Sprite.Editor.csproj" />
  <Project Path="Unity.RenderPipelines.Core.Editor.Shared.csproj" />
  <Project Path="Unity.Performance.Profile-Analyzer.Editor.csproj" />
  <Project Path="Unity.Collections.CodeGen.csproj" />
  <Project Path="Unity.DedicatedServer.Editor.csproj" />
  <Project Path="Unity.2D.Animation.Runtime.csproj" />
  <Project Path="Unity.Multiplayer.Tools.NetVis.Configuration.csproj" />
  <Project Path="Unity.UI.TestFramework.Editor.csproj" />
  <Project Path="Unity.Entities.Editor.Properties.csproj" />
  <Project Path="Unity.Entities.UI.csproj" />
  <Project Path="Assembly-CSharp.csproj" />
  <Project Path="Unity.Entities.CodeGen.csproj" />
  <Project Path="Unity.2D.IK.Runtime.csproj" />
  <Project Path="Unity.Multiplayer.Tools.NetworkSolutionInterface.csproj" />
  <Project Path="Unity.Multiplayer.Tools.NetVis.Editor.UI.csproj" />
  <Project Path="Unity.UI.TestFramework.Runtime.csproj" />
  <Project Path="Unity.PathTracing.Runtime.csproj" />
  <Project Path="Unity.Transforms.csproj" />
  <Project Path="Unity.Settings.Editor.csproj" />
  <Project Path="Unity.Scenes.csproj" />
  <Project Path="Unity.Multiplayer.Tools.NetStats.CodeGen.csproj" />
  <Project Path="Unity.Multiplayer.Tools.NetworkProfiler.Runtime.csproj" />
  <Project Path="Unity.VisualScripting.Shared.Editor.csproj" />
  <Project Path="Unity.SharpZipLib.Editor.csproj" />
  <Project Path="Unity.AI.Navigation.Editor.ConversionSystem.csproj" />
  <Project Path="Unity.Numerics.Memory.csproj" />
  <Project Path="com.unity.multiplayer.tools.window.csproj" />
  <Project Path="Unity.Profiling.Core.csproj" />
  <Project Path="Unity.Multiplayer.Tools.DependencyInjection.csproj" />
  <Project Path="UnityEditor.UI.Analytics.csproj" />
  <Project Path="Unity.Netcode.Editor.csproj" />
  <Project Path="Unity.EditorCoroutines.Editor.csproj" />
  <Project Path="Unity.InternalAPIEngineBridge.002.csproj" />
  <Project Path="Unity.SurfaceCache.Runtime.csproj" />
  <Project Path="Unity.InternalAPIEngineBridge.RenderPipelines.Core.Runtime.Shared.csproj" />
  <Project Path="Unity.AI.Navigation.csproj" />
  <Project Path="Unity.Sysroot.Linux_arm64.csproj" />
  <Project Path="Unity.DedicatedServer.MultiplayerRoles.csproj" />
  <Project Path="Unity.DedicatedServer.CliArguments.Editor.csproj" />
  <Project Path="Unity.Multiplayer.Tools.Common.csproj" />
  <Project Path="Unity.Netcode.Editor.CodeGen.csproj" />
  <Project Path="Unity.2D.Common.Runtime.csproj" />
  <Project Path="Unity.DedicatedServer.MultiplayerRoles.Editor.csproj" />
  <Project Path="Unity.DedicatedServer.Editor.Bridge.csproj" />
  <Project Path="Unity.Core.Editor.csproj" />
  <Project Path="Unity.Mathematics.Extensions.csproj" />
  <Project Path="Unity.PathTracing.Editor.csproj" />
  <Project Path="Unity.Entities.Graphics.Editor.csproj" />
  <Project Path="Unity.Multiplayer.Tools.MetricEvents.csproj" />
  <Project Path="Unity.Transforms.Hybrid.csproj" />
  <Project Path="Unity.InputSystem.ForUI.csproj" />
  <Project Path="NPCSystem.Editor.csproj" />
  <Project Path="Unity.InternalAPIEngineBridge.RenderPipelines.Core.Editor.csproj" />
  <Project Path="Unity.InternalAPIEngineBridge.004.csproj" />
  <Project Path="Unity.Multiplayer.Tools.Editor.csproj" />
  <Project Path="Unity.RenderPipelines.Core.Runtime.Shared.csproj" />
  <Project Path="Unity.Serialization.Editor.csproj" />
  <Project Path="Unity.Entities.Build.csproj" />
  <Project Path="Unity.PlatformToolkit.LocalSaving.csproj" />
  <Project Path="Unity.Multiplayer.Tools.NetVis.Editor.Visualization.csproj" />
  <Project Path="Unity.Multiplayer.Tools.Adapters.Ngo1.csproj" />
  <Project Path="Unity.Physics.Editor.csproj" />
  <Project Path="Unity.InternalAPIEditorBridge.ShaderGraph.Editor.csproj" />
  <Project Path="Unity.Multiplayer.Tools.NetStatsReporting.csproj" />
  <Project Path="Unity.Numerics.Linear.Sparse.csproj" />
  <Project Path="Unity.VisualScripting.SettingsProvider.Editor.csproj" />
  <Project Path="Assembly-CSharp-Editor.csproj" />
  <Project Path="Unity.Deformations.csproj" />
  <Project Path="Unity.Multiplayer.Tools.Adapters.Utp2.csproj" />
  <Project Path="Unity.Mathematics.Extensions.Hybrid.csproj" />
  <Project Path="Unity.PlatformToolkit.LocalSaving.Editor.csproj" />
  <Project Path="Unity.Toolchain.Linux-x86_64-Linux.csproj" />
  <Project Path="Unity.MemoryProfiler.Editor.MemoryProfilerModule.csproj" />
  <Project Path="Unity.Physics.Editor.ProjectSettingsBridge.csproj" />
  <Project Path="Unity.Rendering.LightTransport.Editor.csproj" />
  <Project Path="Unity.Collections.Editor.csproj" />
  <Project Path="Unity.Mathematics.csproj" />
  <Project Path="Unity.Multiplayer.Tools.Adapters.Ngo1WithUtp2.csproj" />
  <Project Path="Unity.2D.Triangulation.Runtime.csproj" />
  <Project Path="Unity.VisualScripting.DocCodeExamples.csproj" />
  <Project Path="Unity.Numerics.Linear.csproj" />
  <Project Path="Domain_Reload.csproj" />
  <Project Path="Unity.RenderPipelines.ShaderGraph.ShaderGraphLibrary.csproj" />
  <Project Path="Unity.RenderPipelines.Core.ShaderLibrary.csproj" />
  <Project Path="Unity.Sysroot.Linux_x86_64.csproj" />
  <Project Path="Unity.ScriptableBuildPipeline.csproj" />
  <Project Path="Unity.InternalAPIEngineBridge.001.csproj" />
  <Project Path="Unity.Multiplayer.Tools.Initialization.csproj" />
  <Project Path="Unity.Entities.Hybrid.HybridComponents.csproj" />
  <Project Path="Unity.ShaderGraph.Utilities.csproj" />
  <Project Path="Unity.RenderPipeline.Universal.ShaderLibrary.csproj" />
  <Project Path="Unity.Numerics.Random.csproj" />
  <Project Path="Unity.SharpZipLib.Utils.csproj" />
  <Project Path="Unity.Netcode.PackageChecker.Editor.csproj" />
  <Project Path="Unity.RenderPipelines.Universal.Shaders.csproj" />
  <Project Path="Unity.MemoryProfiler.csproj" />
  <Project Path="Unity.Collections.BurstCompatibilityGen.csproj" />
  <Project Path="Unity.RenderPipelines.Universal.Config.Runtime.csproj" />
</Solution>
