<Solution>
  <Project Path="Unity.Multiplayer.Tools.NetStats.csproj" />
  <Project Path="NPCSystem.Tests.csproj" />
  <Project Path="Unity.Multiplayer.Tools.NetStatsMonitor.Configuration.csproj" />
  <Project Path="Unity.RenderPipelines.Universal.2D.Runtime.csproj" />
  <Project Path="GladeKit.Bridge.csproj" />
  <Project Path="Unity.Multiplayer.Tools.NetStatsMonitor.Editor.csproj" />
  <Project Path="Unity.Netcode.Runtime.Tests.csproj" />
  <Project Path="Unity.RenderPipelines.Universal.Editor.csproj" />
  <Project Path="EditorAttributes.csproj" />
  <Project Path="AttributesSamples.csproj" />
  <Project Path="Unity.Multiplayer.Tools.NetworkProfiler.Editor.csproj" />
  <Project Path="Unity.Netcode.Runtime.csproj" />
  <Project Path="Unity.Networking.Transport.csproj" />
  <Project Path="Unity.Multiplayer.Tools.GameObjects.Tests.csproj" />
  <Project Path="EditorAttributes.Editor.csproj" />
  <Project Path="Unity.RenderPipelines.Universal.Editor.Tests.csproj" />
  <Project Path="Unity.Multiplayer.Tools.MetricTypes.csproj" />
  <Project Path="Unity.Multiplayer.Tools.Adapters.csproj" />
  <Project Path="Unity.RenderPipelines.Universal.Runtime.csproj" />
  <Project Path="Unity.TestTools.CodeCoverage.Editor.csproj" />
  <Project Path="Unity.Multiplayer.Tools.Common.csproj" />
  <Project Path="Unity.TestTools.CodeCoverage.Editor.OpenCover.Model.csproj" />
  <Project Path="Unity.Multiplayer.Tools.NetStatsMonitor.Implementation.csproj" />
  <Project Path="Unity.Netcode.Editor.Tests.csproj" />
  <Project Path="Unity.Multiplayer.Tools.NetStatsMonitor.Component.csproj" />
  <Project Path="NPCSystem.Runtime.csproj" />
  <Project Path="Unity.Multiplayer.Tools.Initialization.csproj" />
  <Project Path="Unity.TestTools.CodeCoverage.Editor.OpenCover.Mono.Reflection.csproj" />
  <Project Path="Unity.Multiplayer.Tools.NetVis.Editor.UI.csproj" />
  <Project Path="Unity.Netcode.Editor.csproj" />
  <Project Path="Unity.RenderPipelines.Universal.2D.Editor.Overrides.csproj" />
  <Project Path="Unity.Multiplayer.Tools.NetStats.Tests.Editor.csproj" />
  <Project Path="Unity.Networking.Editor.csproj" />
  <Project Path="Unity.Multiplayer.Tools.NetworkSimulator.Runtime.csproj" />
  <Project Path="Unity.Multiplayer.Tools.MetricTestData.csproj" />
  <Project Path="GladeKit.Bridge.Tests.csproj" />
  <Project Path="Unity.Netcode.Editor.CodeGen.csproj" />
  <Project Path="Unity.Multiplayer.Tools.MultiplayerToolsWindow.Tests.Editor.csproj" />
  <Project Path="Unity.Multiplayer.Tools.Adapters.Ngo1WithUtp2.csproj" />
  <Project Path="Assembly-CSharp.csproj" />
  <Project Path="Unity.Multiplayer.Tools.DependencyInjection.UIElements.csproj" />
  <Project Path="Unity.Multiplayer.Tools.NetworkSimulator.Editor.csproj" />
  <Project Path="Unity.Multiplayer.Tools.NetworkProfiler.Runtime.csproj" />
  <Project Path="Unity.Multiplayer.Tools.NetStatsMonitor.Implementation.Tests.Editor.csproj" />
  <Project Path="Unity.Multiplayer.Tools.NetVis.Configuration.csproj" />
  <Project Path="Unity.Settings.Example.csproj" />
  <Project Path="Assembly-CSharp-Editor.csproj" />
  <Project Path="Unity.Multiplayer.Tools.NetworkSolutionInterface.csproj" />
  <Project Path="Unity.Multiplayer.Tools.Common.Tests.Editor.csproj" />
  <Project Path="Unity.Multiplayer.Tools.NetworkSimulator.Tests.Runtime.csproj" />
  <Project Path="Unity.Multiplayer.Tools.NetStats.CodeGen.csproj" />
  <Project Path="Unity.Multiplayer.Tools.DependencyInjection.csproj" />
  <Project Path="com.unity.multiplayer.tools.window.csproj" />
  <Project Path="Unity.Multiplayer.Tools.MetricEvents.csproj" />
  <Project Path="Unity.RenderPipelines.Universal.Runtime.Tests.csproj" />
  <Project Path="Unity.Multiplayer.Tools.NetStatsMonitor.Interface.Tests.Editor.csproj" />
  <Project Path="Unity.RenderPipeline.Universal.ShaderLibrary.csproj" />
  <Project Path="Unity.Multiplayer.Tools.NetVis.Tests.Editor.csproj" />
  <Project Path="Unity.Multiplayer.Tools.Editor.csproj" />
  <Project Path="Unity.Multiplayer.Tools.Adapters.Tests.Editor.csproj" />
  <Project Path="Unity.Multiplayer.Tools.NetVis.Editor.Visualization.csproj" />
  <Project Path="Unity.Multiplayer.Tools.MetricTypes.Tests.Editor.csproj" />
  <Project Path="Unity.Netcode.PackageChecker.Editor.csproj" />
  <Project Path="Unity.RenderPipelines.Universal.Shaders.csproj" />
  <Project Path="Unity.Multiplayer.Tools.NetworkProfiler.Tests.Editor.csproj" />
  <Project Path="Unity.Multiplayer.Tools.Adapters.Ngo1.csproj" />
  <Project Path="Unity.Multiplayer.Tools.NetStatsReporting.csproj" />
  <Project Path="Unity.Multiplayer.Tools.Adapters.Utp2.csproj" />
  <Project Path="Unity.Multiplayer.Tools.NetworkSolutionInterface.Tests.Editor.csproj" />
  <Project Path="NPCSystem.Editor.csproj" />
</Solution>
