<Solution>
  <Project Path="Unity.Multiplayer.Tools.NetStats.csproj" />
  <Project Path="Unity.PlatformToolkit.csproj" />
  <Project Path="Unity.Entities.Editor.Tests.csproj" />
  <Project Path="Unity.Localization.csproj" />
  <Project Path="UnityEngine.UI.Tests.csproj" />
  <Project Path="Unity.Multiplayer.Tools.NetStatsMonitor.Configuration.csproj" />
  <Project Path="Unity.ScriptableBuildPipeline.Editor.csproj" />
  <Project Path="NPCSystem.Runtime.csproj" />
  <Project Path="Unity.RenderPipelines.Universal.2D.Runtime.csproj" />
  <Project Path="Unity.Addressables.Editor.csproj" />
  <Project Path="Unity.Multiplayer.Tools.NetStatsMonitor.Editor.csproj" />
  <Project Path="Unity.RenderPipelines.Universal.Editor.csproj" />
  <Project Path="Unity.Collections.Tests.csproj" />
  <Project Path="EditorAttributes.csproj" />
  <Project Path="Unity.Netcode.Runtime.Tests.csproj" />
  <Project Path="Unity.RenderPipelines.Core.Editor.csproj" />
  <Project Path="Unity.Localization.Editor.csproj" />
  <Project Path="Unity.Serialization.Tests.csproj" />
  <Project Path="Unity.Addressables.Editor.Tests.csproj" />
  <Project Path="Unity.Networking.Transport.csproj" />
  <Project Path="DocCodeSamples.csproj" />
  <Project Path="Unity.VisualStudio.Editor.csproj" />
  <Project Path="Unity.Multiplayer.Tools.GameObjects.Tests.csproj" />
  <Project Path="Unity.Entities.csproj" />
  <Project Path="Unity.Physics.Runtime.Tests.csproj" />
  <Project Path="UnityEngine.UI.csproj" />
  <Project Path="Unity.RenderPipelines.Universal.Editor.Tests.csproj" />
  <Project Path="GladeKit.Bridge.csproj" />
  <Project Path="Unity.Entities.Tests.csproj" />
  <Project Path="Unity.ResourceManager.csproj" />
  <Project Path="Unity.Multiplayer.Tools.MetricTypes.csproj" />
  <Project Path="Unity.Multiplayer.Tools.Adapters.csproj" />
  <Project Path="UnityEditor.TestRunner.csproj" />
  <Project Path="Unity.Collections.PerformanceTests.csproj" />
  <Project Path="Unity.RenderPipelines.Universal.Runtime.csproj" />
  <Project Path="Unity.Physics.Hybrid.csproj" />
  <Project Path="Unity.InputSystem.csproj" />
  <Project Path="Unity.Addressables.DocExampleCode.Editor.Tests.csproj" />
  <Project Path="Unity.Physics.csproj" />
  <Project Path="UnityEngine.TestRunner.csproj" />
  <Project Path="Unity.Entities.UI.Editor.csproj" />
  <Project Path="Unity.PerformanceTesting.csproj" />
  <Project Path="Unity.Entities.Hybrid.csproj" />
  <Project Path="Unity.Entities.Graphics.csproj" />
  <Project Path="Unity.Scenes.Editor.csproj" />
  <Project Path="Unity.Netcode.Runtime.csproj" />
  <Project Path="Unity.Web.Stripping.Editor.csproj" />
  <Project Path="Unity.Multiplayer.Tools.NetStatsMonitor.Implementation.csproj" />
  <Project Path="Unity.TextMeshPro.csproj" />
  <Project Path="Unity.RenderPipelines.Core.Runtime.csproj" />
  <Project Path="Unity.Entities.Hybrid.Tests.csproj" />
  <Project Path="Unity.PlatformToolkit.Editor.csproj" />
  <Project Path="Unity.Serialization.csproj" />
  <Project Path="Unity.Numerics.Linear.Dense.csproj" />
  <Project Path="Unity.Multiplayer.Tools.NetStatsMonitor.Component.csproj" />
  <Project Path="Unity.Entities.TestComponents.csproj" />
  <Project Path="NPCSystem.Tests.csproj" />
  <Project Path="Unity.ResourceManager.Tests.csproj" />
  <Project Path="Unity.RenderPipelines.GPUDriven.Runtime.csproj" />
  <Project Path="Unity.Localization.DocCodeSamples.csproj" />
  <Project Path="Unity.Entities.Editor.csproj" />
  <Project Path="Unity.InternalAPIEditorBridge.002.csproj" />
  <Project Path="Unity.Collections.csproj" />
  <Project Path="EditorAttributes.Editor.csproj" />
  <Project Path="Unity.ScriptableBuildPipeline.Editor.Tests.csproj" />
  <Project Path="Unity.TextMeshPro.Editor.csproj" />
  <Project Path="Unity.RenderPipelines.Universal.2D.Editor.Overrides.csproj" />
  <Project Path="Unity.Multiplayer.Tools.NetStats.Tests.Editor.csproj" />
  <Project Path="Unity.Networking.Editor.csproj" />
  <Project Path="Unity.InternalAPIEditorBridge.013.csproj" />
  <Project Path="Unity.Multiplayer.Tools.NetworkSimulator.Runtime.csproj" />
  <Project Path="Unity.Multiplayer.Tools.MetricTestData.csproj" />
  <Project Path="Unity.Multiplayer.Tools.NetworkProfiler.Editor.csproj" />
  <Project Path="GladeKit.Bridge.Tests.csproj" />
  <Project Path="Unity.AutoGroupGenerator.Editor.csproj" />
  <Project Path="UnityEditor.UI.csproj" />
  <Project Path="Unity.Multiplayer.Tools.MultiplayerToolsWindow.Tests.Editor.csproj" />
  <Project Path="Unity.TestTools.CodeCoverage.Editor.csproj" />
  <Project Path="Unity.UnifiedRayTracing.Runtime.csproj" />
  <Project Path="Unity.RenderPipelines.Core.Editor.Tests.csproj" />
  <Project Path="Unity.TestTools.CodeCoverage.Editor.OpenCover.Mono.Reflection.csproj" />
  <Project Path="Unity.Multiplayer.Tools.DependencyInjection.UIElements.csproj" />
  <Project Path="Unity.Numerics.Linear.Solvers.Lowlevel.csproj" />
  <Project Path="UnityEditor.UI.EditorTests.csproj" />
  <Project Path="Unity.Multiplayer.Tools.NetworkSimulator.Editor.csproj" />
  <Project Path="Unity.Netcode.Editor.Tests.csproj" />
  <Project Path="Unity.PlatformToolkit.PlayMode.Editor.csproj" />
  <Project Path="Unity.PathTracing.Editor.Tests.csproj" />
  <Project Path="Unity.RenderPipelines.Core.Editor.Shared.csproj" />
  <Project Path="Unity.Collections.CodeGen.csproj" />
  <Project Path="Unity.DedicatedServer.Editor.csproj" />
  <Project Path="Unity.Addressables.Runtime.Tests.csproj" />
  <Project Path="Unity.Entities.Graphics.Tests.csproj" />
  <Project Path="Unity.Multiplayer.Tools.NetVis.Configuration.csproj" />
  <Project Path="Unity.UI.TestFramework.Editor.csproj" />
  <Project Path="Unity.Entities.PerformanceTests.csproj" />
  <Project Path="Unity.Entities.Editor.Properties.csproj" />
  <Project Path="Unity.Entities.UI.csproj" />
  <Project Path="Unity.Entities.CodeGen.csproj" />
  <Project Path="Assembly-CSharp-Editor.csproj" />
  <Project Path="TypeDependencyCacheTestAssembly.csproj" />
  <Project Path="Unity.Multiplayer.Tools.Common.Tests.Editor.csproj" />
  <Project Path="Unity.Multiplayer.Tools.NetworkSolutionInterface.csproj" />
  <Project Path="Unity.Multiplayer.Tools.NetVis.Editor.UI.csproj" />
  <Project Path="Unity.Physics.Editor.Tests.csproj" />
  <Project Path="Unity.Addressables.csproj" />
  <Project Path="Unity.UI.TestFramework.Runtime.csproj" />
  <Project Path="Unity.UnifiedRayTracing.Editor.Tests.csproj" />
  <Project Path="Unity.PathTracing.Runtime.csproj" />
  <Project Path="Unity.Scenes.Hybrid.Tests.Editmode.Content.csproj" />
  <Project Path="Unity.Transforms.csproj" />
  <Project Path="Unity.Settings.Editor.csproj" />
  <Project Path="Unity.Scenes.csproj" />
  <Project Path="Unity.CharacterController.csproj" />
  <Project Path="Unity.Scenes.Hybrid.Tests.Playmode.csproj" />
  <Project Path="Unity.Scenes.Editor.PerformanceTests.csproj" />
  <Project Path="Unity.InputSystem.TestFramework.csproj" />
  <Project Path="Unity.Multiplayer.Tools.NetStats.CodeGen.csproj" />
  <Project Path="Unity.Multiplayer.Tools.NetworkProfiler.Runtime.csproj" />
  <Project Path="Unity.Scenes.Hybrid.Tests.csproj" />
  <Project Path="Unity.Numerics.Memory.csproj" />
  <Project Path="com.unity.multiplayer.tools.window.csproj" />
  <Project Path="Unity.Multiplayer.Tools.NetStatsMonitor.Implementation.Tests.Editor.csproj" />
  <Project Path="Unity.Multiplayer.Tools.DependencyInjection.csproj" />
  <Project Path="UnityEditor.UI.Analytics.csproj" />
  <Project Path="Unity.Mathematics.Extensions.Tests.csproj" />
  <Project Path="Unity.Transforms.PerformanceTests.csproj" />
  <Project Path="Unity.Netcode.Editor.csproj" />
  <Project Path="Unity.EditorCoroutines.Editor.csproj" />
  <Project Path="Unity.Burst.Tests.csproj" />
  <Project Path="Unity.InternalAPIEngineBridge.002.csproj" />
  <Project Path="Unity.SurfaceCache.Runtime.csproj" />
  <Project Path="Unity.InternalAPIEngineBridge.RenderPipelines.Core.Runtime.Shared.csproj" />
  <Project Path="Unity.RenderPipelines.Universal.Runtime.Tests.csproj" />
  <Project Path="Unity.Multiplayer.Tools.NetStatsMonitor.Interface.Tests.Editor.csproj" />
  <Project Path="Unity.Collections.DocCodeSamples.csproj" />
  <Project Path="Unity.DedicatedServer.MultiplayerRoles.csproj" />
  <Project Path="Unity.Scenes.Editor.Tests.csproj" />
  <Project Path="Unity.Entities.Hybrid.Tests.ExcludedAssembly.csproj" />
  <Project Path="Unity.DedicatedServer.CliArguments.Editor.csproj" />
  <Project Path="Unity.Multiplayer.Tools.Common.csproj" />
  <Project Path="Unity.Netcode.Editor.CodeGen.csproj" />
  <Project Path="Unity.Transforms.Tests.csproj" />
  <Project Path="Unity.RenderPipelines.Core.Runtime.Tests.csproj" />
  <Project Path="Unity.TestTools.CodeCoverage.Editor.OpenCover.Model.csproj" />
  <Project Path="Unity.DedicatedServer.MultiplayerRoles.Editor.csproj" />
  <Project Path="Unity.DedicatedServer.Editor.Bridge.csproj" />
  <Project Path="Unity.Core.Editor.csproj" />
  <Project Path="Unity.TextMeshPro.Editor.Tests.csproj" />
  <Project Path="Unity.Transforms.Hybrid.Tests.csproj" />
  <Project Path="Unity.Mathematics.Extensions.csproj" />
  <Project Path="Unity.Entities.Editor.PerformanceTests.csproj" />
  <Project Path="Unity.PathTracing.Editor.csproj" />
  <Project Path="Unity.Entities.Graphics.Editor.csproj" />
  <Project Path="Unity.Multiplayer.Tools.MetricEvents.csproj" />
  <Project Path="Unity.Multiplayer.Tools.NetVis.Tests.Editor.csproj" />
  <Project Path="Unity.Transforms.Hybrid.csproj" />
  <Project Path="Unity.InputSystem.ForUI.csproj" />
  <Project Path="Unity.Entities.CodeGen.Tests.csproj" />
  <Project Path="Unity.InternalAPIEngineBridge.RenderPipelines.Core.Editor.csproj" />
  <Project Path="Unity.InternalAPIEngineBridge.004.csproj" />
  <Project Path="Unity.Multiplayer.Tools.Editor.csproj" />
  <Project Path="Unity.Multiplayer.Tools.Adapters.Tests.Editor.csproj" />
  <Project Path="Unity.Multiplayer.Tools.NetworkSimulator.Tests.Runtime.csproj" />
  <Project Path="Unity.RenderPipelines.Core.Runtime.Shared.csproj" />
  <Project Path="Unity.Serialization.Editor.csproj" />
  <Project Path="Unity.Multiplayer.Tools.MetricTypes.Tests.Editor.csproj" />
  <Project Path="Unity.Entities.Build.csproj" />
  <Project Path="Unity.PlatformToolkit.LocalSaving.csproj" />
  <Project Path="Unity.ScriptableBuildPipelineTests.Runtime.Tests.csproj" />
  <Project Path="Unity.TextMeshPro.Tests.csproj" />
  <Project Path="Unity.InputSystem.DocCodeSamples.csproj" />
  <Project Path="Unity.Multiplayer.Tools.NetworkProfiler.Tests.Editor.csproj" />
  <Project Path="Unity.Multiplayer.Tools.NetVis.Editor.Visualization.csproj" />
  <Project Path="Unity.Multiplayer.Tools.Adapters.Ngo1.csproj" />
  <Project Path="Unity.Physics.Editor.csproj" />
  <Project Path="Unity.Entities.Tests.InAnotherEmptyAssembly.csproj" />
  <Project Path="Unity.Entities.Hybrid.EndToEnd.Tests.csproj" />
  <Project Path="Unity.Multiplayer.Tools.NetStatsReporting.csproj" />
  <Project Path="Unity.Numerics.Linear.Sparse.csproj" />
  <Project Path="Unity.UI.TestFramework.Package.Editor.Tests.csproj" />
  <Project Path="Assembly-CSharp.csproj" />
  <Project Path="Unity.Deformations.csproj" />
  <Project Path="Unity.PathTracing.Runtime.Tests.csproj" />
  <Project Path="Unity.Multiplayer.Tools.Adapters.Utp2.csproj" />
  <Project Path="Unity.Mathematics.Extensions.Hybrid.csproj" />
  <Project Path="Unity.RenderPipelines.Universal.Config.Editor.Tests.csproj" />
  <Project Path="Unity.PlatformToolkit.LocalSaving.Editor.csproj" />
  <Project Path="Unity.Multiplayer.Tools.NetworkSolutionInterface.Tests.Editor.csproj" />
  <Project Path="Unity.ScriptableBuildPipeline.Tests.csproj" />
  <Project Path="Unity.Physics.Editor.ProjectSettingsBridge.csproj" />
  <Project Path="MockTests.csproj" />
  <Project Path="Unity.Rendering.LightTransport.Editor.csproj" />
  <Project Path="Unity.Entities.Tests.InAnotherAssembly.csproj" />
  <Project Path="Unity.Collections.Editor.csproj" />
  <Project Path="NPCSystem.Editor.csproj" />
  <Project Path="Unity.Multiplayer.Tools.Adapters.Ngo1WithUtp2.csproj" />
  <Project Path="Unity.InputSystem.IntegrationTests.csproj" />
  <Project Path="Unity.Numerics.Linear.csproj" />
  <Project Path="Unity.RenderPipelines.Core.ShaderLibrary.csproj" />
  <Project Path="Unity.Settings.Tests.csproj" />
  <Project Path="Unity.ScriptableBuildPipeline.csproj" />
  <Project Path="Unity.InternalAPIEngineBridge.013.csproj" />
  <Project Path="Unity.Entities.ContentDelivery.Tests.csproj" />
  <Project Path="Unity.Multiplayer.Tools.Initialization.csproj" />
  <Project Path="Unity.Entities.Hybrid.HybridComponents.csproj" />
  <Project Path="Unity.RenderPipeline.Universal.ShaderLibrary.csproj" />
  <Project Path="Unity.Numerics.Random.csproj" />
  <Project Path="Unity.UI.TestFramework.Package.Runtime.Tests.csproj" />
  <Project Path="Unity.Scenes.PerformanceTests.csproj" />
  <Project Path="Unity.Entities.Hybrid.PerformanceTests.csproj" />
  <Project Path="Unity.Scenes.Tests.csproj" />
  <Project Path="Unity.Entities.Graphics.PerformanceTests.csproj" />
  <Project Path="Unity.Netcode.PackageChecker.Editor.csproj" />
  <Project Path="Unity.RenderPipelines.Universal.Shaders.csproj" />
  <Project Path="UnityEditor.UI.Common.Tests.csproj" />
  <Project Path="Unity.Collections.BurstCompatibilityGen.csproj" />
  <Project Path="Unity.Entities.Hybrid.Tests.SeparateAssembly.csproj" />
  <Project Path="Unity.RenderPipelines.Universal.Config.Runtime.csproj" />
  <Project Path="Tools/CodebaseEmbedder/roslyn_parser/CodebaseRoslynParser.csproj" />
</Solution>
